{
  "nodes": {
    "flake-compat": {
      "flake": false,
      "locked": {
        "lastModified": 1767039857,
        "narHash": "sha256-vNpUSpF5Nuw8xvDLj2KCwwksIbjua2LZCqhV1LNRDns=",
        "owner": "edolstra",
        "repo": "flake-compat",
        "rev": "5edf11c44bc78a0d334f6334cdaf7d60d732daab",
        "type": "github"
      },
      "original": {
        "owner": "edolstra",
        "repo": "flake-compat",
        "type": "github"
      }
    },
    "home-manager": {
      "inputs": {
        "nixpkgs": [
          "nixpkgs"
        ]
      },
      "locked": {
        "lastModified": 1787661347,
        "narHash": "sha256-THmnBAdAIV+jT348f3r/vyoeb6ilhcVLwVXkBU7Pai8=",
        "owner": "nix-community",
        "repo": "home-manager",
        "rev": "52c3a5881c821ad7367bbde075e52b76cdb378ab",
        "type": "github"
      },
      "original": {
        "owner": "nix-community",
        "repo": "home-manager",
        "type": "github"
      }
    },
    "nixpkgs": {
      "locked": {
        "lastModified": 1790652569,
        "narHash": "sha256-k8Fu4c9Z+4Nh7mUr0cfw++ITQiyEhlWxoJBOkI3tOcQ=",
        "rev": "b6c8664de9b6cc07fe5666a29f91884ba81197c4",
        "type": "tarball",
        "url": "https://releases.nixos.org/nixpkgs/nixpkgs-26.11pre1082290.b6c8664de9b6/nixexprs.tar.zst"
      },
      "original": {
        "type": "tarball",
        "url": "https://channels.nixos.org/nixpkgs-unstable/nixexprs.tar.zst"
      }
    },
    "root": {
      "inputs": {
        "flake-compat": "flake-compat",
        "home-manager": "home-manager",
        "nixpkgs": "nixpkgs",
        "zig": "zig",
        "zon2nix": "zon2nix"
      }
    },
    "zig": {
      "inputs": {
        "nixpkgs": [
          "nixpkgs"
        ],
        "zon2nix": [
          "zon2nix"
        ]
      },
      "locked": {
        "lastModified": 1790860971,
        "narHash": "sha256-qemDJWBWcljBmC6FL/QTvEFkHTj1LM4ebK68s69SK3M=",
        "owner": "jcollie",
        "repo": "zig-overlay",
        "rev": "69cdf941b32500b353dc5372b15077ac22dc0a40",
        "type": "github"
      },
      "original": {
        "owner": "jcollie",
        "repo": "zig-overlay",
        "type": "github"
      }
    },
    "zon2nix": {
      "inputs": {
        "nixpkgs": [
          "nixpkgs"
        ]
      },
      "locked": {
        "lastModified": 1790583033,
        "narHash": "sha256-Eo3hR521Yc2Gsqw7m/aqd5sn3/qi0XoSpJBIPPIYKkg=",
        "owner": "jcollie",
        "repo": "zon2nix",
        "rev": "8e91c0d44aa49d0ac415f7e3046662e9aa754335",
        "type": "github"
      },
      "original": {
        "owner": "jcollie",
        "ref": "v0.9.0",
        "repo": "zon2nix",
        "type": "github"
      }
    }
  },
  "root": "root",
  "version": 7
}
