{
  "nodes": {
    "flake-compat": {
      "flake": false,
      "locked": {
        "lastModified": 1767039857,
        "narHash": "sha256-vNpUSpF5Nuw8xvDLj2KCwwksIbjua2LZCqhV1LNRDns=",
        "owner": "edolstra",
        "repo": "flake-compat",
        "rev": "5edf11c44bc78a0d334f6334cdaf7d60d732daab",
        "type": "github"
      },
      "original": {
        "owner": "edolstra",
        "repo": "flake-compat",
        "type": "github"
      }
    },
    "home-manager": {
      "inputs": {
        "nixpkgs": [
          "nixpkgs"
        ]
      },
      "locked": {
        "lastModified": 1786356609,
        "narHash": "sha256-ou8fYz5w9yhXC8YbvvExybFIa19MyW5G/8dEPqa90hM=",
        "owner": "nix-community",
        "repo": "home-manager",
        "rev": "c30c7955cec30d664a9baced6bc0112e263d4647",
        "type": "github"
      },
      "original": {
        "owner": "nix-community",
        "repo": "home-manager",
        "type": "github"
      }
    },
    "nixpkgs": {
      "locked": {
        "lastModified": 1786098110,
        "narHash": "sha256-yZKt042Ab4UNEUq1/VXqSOa1uBT5aAVnub98ekbG5Jw=",
        "rev": "afb4584a80bbf779ce0f691509ff902d188c2b3d",
        "type": "tarball",
        "url": "https://releases.nixos.org/nixpkgs/nixpkgs-26.11pre1049336.afb4584a80bb/nixexprs.tar.zst"
      },
      "original": {
        "type": "tarball",
        "url": "https://channels.nixos.org/nixpkgs-unstable/nixexprs.tar.zst"
      }
    },
    "root": {
      "inputs": {
        "flake-compat": "flake-compat",
        "home-manager": "home-manager",
        "nixpkgs": "nixpkgs",
        "systems": "systems",
        "zig": "zig",
        "zon2nix": "zon2nix"
      }
    },
    "systems": {
      "flake": false,
      "locked": {
        "lastModified": 1681028828,
        "narHash": "sha256-Vy1rq5AaRuLzOxct8nz4T6wlgyUR7zLU309k9mBC768=",
        "owner": "nix-systems",
        "repo": "default",
        "rev": "da67096a3b9bf56a91d16901293e51ba5b49a27e",
        "type": "github"
      },
      "original": {
        "owner": "nix-systems",
        "repo": "default",
        "type": "github"
      }
    },
    "zig": {
      "inputs": {
        "flake-compat": [
          "flake-compat"
        ],
        "nixpkgs": [
          "nixpkgs"
        ],
        "systems": [
          "systems"
        ]
      },
      "locked": {
        "lastModified": 1786364596,
        "narHash": "sha256-rMHN2/qJ10ORy+PfSm8hfG2mCdnsYHsWrKeq8DLraec=",
        "owner": "mitchellh",
        "repo": "zig-overlay",
        "rev": "840c2310085417892ec51f691002ca0a497d0287",
        "type": "github"
      },
      "original": {
        "owner": "mitchellh",
        "repo": "zig-overlay",
        "type": "github"
      }
    },
    "zon2nix": {
      "inputs": {
        "nixpkgs": [
          "nixpkgs"
        ]
      },
      "locked": {
        "lastModified": 1778078000,
        "narHash": "sha256-0djKIL0E8Y1W495bzIkmbCub571ubghZx3Fg7xQPNrk=",
        "owner": "jcollie",
        "repo": "zon2nix",
        "rev": "a9f46c6fe9177135a3001e26ec76715bb998c6cf",
        "type": "github"
      },
      "original": {
        "owner": "jcollie",
        "ref": "main",
        "repo": "zon2nix",
        "type": "github"
      }
    }
  },
  "root": "root",
  "version": 7
}
